
Microsoft Visual Studio Solution File, Format Version 12.00
# Visual Studio 14
VisualStudioVersion = 14.0.25420.1
MinimumVisualStudioVersion = 10.0.40219.1
Project("{FAE04EC0-301F-11D3-BF4B-00C04F79EFBC}") = "RevolutionIT_Technical_Test", "RevolutionIT_Technical_Test\RevolutionIT_Technical_Test.csproj", "{530F7DB5-B176-4C7F-9FAF-0FC71C1DEE90}"
EndProject
Global
	GlobalSection(SolutionConfigurationPlatforms) = preSolution
		Debug|Any CPU = Debug|Any CPU
		Release|Any CPU = Release|Any CPU
	EndGlobalSection
	GlobalSection(ProjectConfigurationPlatforms) = postSolution
		{530F7DB5-B176-4C7F-9FAF-0FC71C1DEE90}.Debug|Any CPU.ActiveCfg = Debug|Any CPU
		{530F7DB5-B176-4C7F-9FAF-0FC71C1DEE90}.Debug|Any CPU.Build.0 = Debug|Any CPU
		{530F7DB5-B176-4C7F-9FAF-0FC71C1DEE90}.Release|Any CPU.ActiveCfg = Release|Any CPU
		{530F7DB5-B176-4C7F-9FAF-0FC71C1DEE90}.Release|Any CPU.Build.0 = Release|Any CPU
	EndGlobalSection
	GlobalSection(SolutionProperties) = preSolution
		HideSolutionNode = FALSE
	EndGlobalSection
EndGlobal
